# This file is automatically @generated by Cargo.
# It is not intended for manual editing.
version = 4

[[package]]
name = "recall-adapters"
version = "0.1.0"
dependencies = [
 "recall-core",
]

[[package]]
name = "recall-cli"
version = "0.1.0"
dependencies = [
 "recall-adapters",
 "recall-core",
 "recall-index",
 "recall-store",
]

[[package]]
name = "recall-core"
version = "0.1.0"

[[package]]
name = "recall-index"
version = "0.1.0"
dependencies = [
 "recall-core",
]

[[package]]
name = "recall-store"
version = "0.1.0"
dependencies = [
 "recall-core",
]
